
Microsoft Visual Studio Solution File, Format Version 12.00
# Visual Studio Version 17
VisualStudioVersion = 17.1.32414.318
MinimumVisualStudioVersion = 10.0.40219.1
Project("{FAE04EC0-301F-11D3-BF4B-00C04F79EFBC}") = "SOAP", "SOAP\SOAP.csproj", "{61E36714-026C-4788-9860-1646FA8339EA}"
EndProject
Project("{9A19103F-16F7-4668-BE54-9A1E7A4F7556}") = "API", "API\API.csproj", "{8C1BFCD3-C59B-4088-9996-0B8BC25C31AE}"
EndProject
Project("{FAE04EC0-301F-11D3-BF4B-00C04F79EFBC}") = "UI", "UI\UI.csproj", "{39388364-0C6C-424F-BED5-2AC995A042E4}"
EndProject
Global
	GlobalSection(SolutionConfigurationPlatforms) = preSolution
		Debug|Any CPU = Debug|Any CPU
		Release|Any CPU = Release|Any CPU
	EndGlobalSection
	GlobalSection(ProjectConfigurationPlatforms) = postSolution
		{61E36714-026C-4788-9860-1646FA8339EA}.Debug|Any CPU.ActiveCfg = Debug|Any CPU
		{61E36714-026C-4788-9860-1646FA8339EA}.Debug|Any CPU.Build.0 = Debug|Any CPU
		{61E36714-026C-4788-9860-1646FA8339EA}.Release|Any CPU.ActiveCfg = Release|Any CPU
		{61E36714-026C-4788-9860-1646FA8339EA}.Release|Any CPU.Build.0 = Release|Any CPU
		{8C1BFCD3-C59B-4088-9996-0B8BC25C31AE}.Debug|Any CPU.ActiveCfg = Debug|Any CPU
		{8C1BFCD3-C59B-4088-9996-0B8BC25C31AE}.Debug|Any CPU.Build.0 = Debug|Any CPU
		{8C1BFCD3-C59B-4088-9996-0B8BC25C31AE}.Release|Any CPU.ActiveCfg = Release|Any CPU
		{8C1BFCD3-C59B-4088-9996-0B8BC25C31AE}.Release|Any CPU.Build.0 = Release|Any CPU
		{39388364-0C6C-424F-BED5-2AC995A042E4}.Debug|Any CPU.ActiveCfg = Debug|Any CPU
		{39388364-0C6C-424F-BED5-2AC995A042E4}.Debug|Any CPU.Build.0 = Debug|Any CPU
		{39388364-0C6C-424F-BED5-2AC995A042E4}.Release|Any CPU.ActiveCfg = Release|Any CPU
		{39388364-0C6C-424F-BED5-2AC995A042E4}.Release|Any CPU.Build.0 = Release|Any CPU
	EndGlobalSection
	GlobalSection(SolutionProperties) = preSolution
		HideSolutionNode = FALSE
	EndGlobalSection
	GlobalSection(ExtensibilityGlobals) = postSolution
		SolutionGuid = {A10F7BB8-BE7E-4258-93FF-87B7335ADFCF}
	EndGlobalSection
EndGlobal
